
Microsoft Visual Studio Solution File, Format Version 12.00
# Visual Studio Version 17
VisualStudioVersion = 17.0.31903.59
MinimumVisualStudioVersion = 10.0.40219.1
Project("{FAE04EC0-301F-11D3-BF4B-00C04F79EFBC}") = "MyFirstWebAPIProject", "MyFirstWebAPIProject\MyFirstWebAPIProject.csproj", "{4994B59D-6A14-4413-9091-3F90DD01C264}"
EndProject
Project("{FAE04EC0-301F-11D3-BF4B-00C04F79EFBC}") = "ModelBinding", "ModelBinding\ModelBinding.csproj", "{E277F5E7-5547-4127-A791-10AD1A33E18E}"
EndProject
Project("{FAE04EC0-301F-11D3-BF4B-00C04F79EFBC}") = "AutoMapperDemo", "AutoMapperDemo\AutoMapperDemo.csproj", "{9DC4ACFF-4885-4BEC-B35C-4D352393A46C}"
EndProject
Project("{FAE04EC0-301F-11D3-BF4B-00C04F79EFBC}") = "AutoMapperComplexMappingDemo", "AutoMapperComplexMappingDemo\AutoMapperComplexMappingDemo.csproj", "{93773C6B-4A8C-4B38-840B-1ADC3CEB9FDB}"
EndProject
Project("{FAE04EC0-301F-11D3-BF4B-00C04F79EFBC}") = "AutoMapperPrimitiveTypesComplexType", "AutoMapperPrimitiveTypesComplexType\AutoMapperPrimitiveTypesComplexType.csproj", "{45F0C90C-95D5-49AB-9FF2-04ED99C209DD}"
EndProject
Project("{FAE04EC0-301F-11D3-BF4B-00C04F79EFBC}") = "AutoMapperReverse", "AutoMapperReverse\AutoMapperReverse.csproj", "{4919929E-B7B5-4F32-8F85-553E82C84E3A}"
EndProject
Project("{FAE04EC0-301F-11D3-BF4B-00C04F79EFBC}") = "AutoMapperConditional", "AutoMapperConditional\AutoMapperConditional.csproj", "{F3F20AC7-A911-461C-9023-C2175AFEC3E5}"
EndProject
Project("{FAE04EC0-301F-11D3-BF4B-00C04F79EFBC}") = "AutoMapperIgnoreProperty", "AutoMapperIgnoreProperty\AutoMapperIgnoreProperty.csproj", "{A7F7C86B-BF86-4E1F-81F7-D49090545219}"
EndProject
Project("{FAE04EC0-301F-11D3-BF4B-00C04F79EFBC}") = "AutomapperNullSubstitute", "AutomapperNullSubstitute\AutomapperNullSubstitute.csproj", "{19673332-ECB9-486B-A95C-EECF244EC4F2}"
EndProject
Project("{FAE04EC0-301F-11D3-BF4B-00C04F79EFBC}") = "HTTPMethods", "HTTPMethods\HTTPMethods.csproj", "{BE6029A5-89B8-4068-BFDC-99E259050315}"
EndProject
Project("{FAE04EC0-301F-11D3-BF4B-00C04F79EFBC}") = "LoggingDemo", "LoggingDemo\LoggingDemo.csproj", "{9F7D0C42-62A9-4D65-95E3-497393E347A1}"
EndProject
Project("{FAE04EC0-301F-11D3-BF4B-00C04F79EFBC}") = "CustomLoggingProvider", "CustomLoggingProvider\CustomLoggingProvider.csproj", "{E8165611-0B8F-468C-A89D-E4B117367B29}"
EndProject
Project("{FAE04EC0-301F-11D3-BF4B-00C04F79EFBC}") = "ImplementSerilog", "ImplementSerilog\ImplementSerilog.csproj", "{6E352896-B350-46A5-8611-B4235B8E7846}"
EndProject
Project("{FAE04EC0-301F-11D3-BF4B-00C04F79EFBC}") = "LoggingSerilogToDatabase", "LoggingSerilogToDatabase\LoggingSerilogToDatabase.csproj", "{09F6DC3B-3FA7-467C-B163-1ED8AFB51844}"
EndProject
Project("{FAE04EC0-301F-11D3-BF4B-00C04F79EFBC}") = "NLogDemo", "NLogDemo\NLogDemo.csproj", "{C2B1C275-FE02-4702-A276-6E1251399B39}"
EndProject
Project("{FAE04EC0-301F-11D3-BF4B-00C04F79EFBC}") = "NLogToDatabase", "NLogToDatabase\NLogToDatabase.csproj", "{07451A2B-19D0-41FA-923D-25F51B8C71CF}"
EndProject
Project("{FAE04EC0-301F-11D3-BF4B-00C04F79EFBC}") = "ElasticsearchConfiguration", "ElasticsearchConfiguration\ElasticsearchConfiguration.csproj", "{1552B3FC-A515-46DB-A831-AF8BA57CC7C8}"
EndProject
Project("{FAE04EC0-301F-11D3-BF4B-00C04F79EFBC}") = "MemoryCacheDemo", "MemoryCacheDemo\MemoryCacheDemo.csproj", "{8A25E62F-5C86-440B-A89D-E106BFB4F886}"
EndProject
Project("{FAE04EC0-301F-11D3-BF4B-00C04F79EFBC}") = "RedisDemo", "RedisDemo\RedisDemo.csproj", "{0ADAB647-C8CD-4E87-A555-C6A7730100A9}"
EndProject
Project("{FAE04EC0-301F-11D3-BF4B-00C04F79EFBC}") = "NCachDemo", "NCachDemo\NCachDemo.csproj", "{50DB28BE-C33D-4A9A-A669-55D2C52A9CF5}"
EndProject
Project("{FAE04EC0-301F-11D3-BF4B-00C04F79EFBC}") = "ResponseCaching", "ResponseCaching\ResponseCaching.csproj", "{62B53265-D0B3-4F12-A814-5F8457A24D27}"
EndProject
Project("{FAE04EC0-301F-11D3-BF4B-00C04F79EFBC}") = "FluentAPIValidation", "FluentAPIValidation\FluentAPIValidation.csproj", "{CACBD4F1-249A-4CCC-BEFA-EC75921B1219}"
EndProject
Project("{FAE04EC0-301F-11D3-BF4B-00C04F79EFBC}") = "FluentAPIAsyncValidators", "FluentAPIAsyncValidators\FluentAPIAsyncValidators.csproj", "{FA5FC1A2-A538-4550-81EA-C79E0E21DC56}"
EndProject
Project("{FAE04EC0-301F-11D3-BF4B-00C04F79EFBC}") = "FluentAPICustomValidator", "FluentAPICustomValidator\FluentAPICustomValidator.csproj", "{9D46623C-75A0-4512-986B-9C762BD5F9F9}"
EndProject
Project("{FAE04EC0-301F-11D3-BF4B-00C04F79EFBC}") = "FluentAPIConditionValidator", "FluentAPIConditionValidator\FluentAPIConditionValidator.csproj", "{1D625DE6-1057-4EFF-B255-500EEFF8BD04}"
EndProject
Project("{FAE04EC0-301F-11D3-BF4B-00C04F79EFBC}") = "ValidateNestedComplex", "ValidateNestedComplex\ValidateNestedComplex.csproj", "{DCF7A2BF-A280-437D-8F24-E29E6744AF39}"
EndProject
Project("{2150E333-8FDC-42A3-9474-1A3956D46DE8}") = "Filter", "Filter", "{EEC92CFE-2BCE-4EB3-9485-B228AE937332}"
EndProject
Project("{FAE04EC0-301F-11D3-BF4B-00C04F79EFBC}") = "AuthorizationFilters", "Filter\AuthorizationFilters\AuthorizationFilters.csproj", "{A9D2F79F-00E9-49F9-96D6-7ECBB76918DC}"
EndProject
Project("{FAE04EC0-301F-11D3-BF4B-00C04F79EFBC}") = "AuthorizationCustomFilter", "Filter\AuthorizationCustomFilter\AuthorizationCustomFilter.csproj", "{5D3039A9-FF3C-4DB7-9477-EB522FC2B92E}"
EndProject
Project("{FAE04EC0-301F-11D3-BF4B-00C04F79EFBC}") = "ResourceFilters", "Filter\ResourceFilters\ResourceFilters.csproj", "{646550B4-8A27-4C09-B959-621C63108AB3}"
EndProject
Project("{FAE04EC0-301F-11D3-BF4B-00C04F79EFBC}") = "ActionFilter", "Filter\ActionFilter\ActionFilter.csproj", "{6C1493F2-0446-4CBF-B2EF-022448D3D8F2}"
EndProject
Project("{FAE04EC0-301F-11D3-BF4B-00C04F79EFBC}") = "ResultFilter", "Filter\ResultFilter\ResultFilter.csproj", "{833D379D-B315-45DA-B9D0-C7BD68D9E714}"
EndProject
Project("{FAE04EC0-301F-11D3-BF4B-00C04F79EFBC}") = "ExceptionFilter", "Filter\ExceptionFilter\ExceptionFilter.csproj", "{B839EFF3-47EA-4864-8AFA-23B580D2932C}"
EndProject
Project("{FAE04EC0-301F-11D3-BF4B-00C04F79EFBC}") = "ServiceFilter_TypeFilter", "Filter\ServiceFilter_TypeFilter\ServiceFilter_TypeFilter.csproj", "{B548F39B-2778-4B3D-9E26-905CA158900E}"
EndProject
Project("{2150E333-8FDC-42A3-9474-1A3956D46DE8}") = "Security", "Security", "{44BD6D8B-54BF-4C9B-BC48-8AB3127089A2}"
EndProject
Project("{FAE04EC0-301F-11D3-BF4B-00C04F79EFBC}") = "PasswordHashingDemo", "Security\PasswordHashingDemo\PasswordHashingDemo.csproj", "{01AFC421-41C6-4677-989E-AE54FDEC8C6B}"
EndProject
Project("{FAE04EC0-301F-11D3-BF4B-00C04F79EFBC}") = "HMACServerApp", "Security\HMACServerApp\HMACServerApp.csproj", "{CA758FC2-EF8C-411D-ACC7-290EA505AD60}"
EndProject
Project("{FAE04EC0-301F-11D3-BF4B-00C04F79EFBC}") = "HMACClientApp", "Security\HMACClientApp\HMACClientApp.csproj", "{05459017-C7FE-4050-B01A-D6E5F9C8D694}"
EndProject
Project("{FAE04EC0-301F-11D3-BF4B-00C04F79EFBC}") = "AESServerAPP", "Security\AESServerAPP\AESServerAPP.csproj", "{D036880F-E9D7-45D7-8ECC-54AA7921BD05}"
EndProject
Project("{FAE04EC0-301F-11D3-BF4B-00C04F79EFBC}") = "KeyGeneratorService", "Security\KeyGeneratorService\KeyGeneratorService.csproj", "{68F7DDB5-1924-44EB-B7FF-95F42C9CA47A}"
EndProject
Project("{FAE04EC0-301F-11D3-BF4B-00C04F79EFBC}") = "AESClientApp", "Security\AESClientApp\AESClientApp.csproj", "{AEA3B0E8-3BEF-45EF-9846-3C1FB174FC7E}"
EndProject
Project("{FAE04EC0-301F-11D3-BF4B-00C04F79EFBC}") = "BasicAuthenticationDemo", "Security\BasicAuthenticationDemo\BasicAuthenticationDemo.csproj", "{CA052510-F624-4EAB-9245-63C58C050EE0}"
EndProject
Project("{FAE04EC0-301F-11D3-BF4B-00C04F79EFBC}") = "BasicAuthConsoleClient", "Security\BasicAuthConsoleClient\BasicAuthConsoleClient.csproj", "{F2E680A2-E40E-48E2-8DB9-80182AB1ACE8}"
EndProject
Project("{FAE04EC0-301F-11D3-BF4B-00C04F79EFBC}") = "JWTDemo", "Security\JWTDemo\JWTDemo.csproj", "{197DD2F3-BE1D-4E3C-89B4-63182F7E2631}"
EndProject
Project("{FAE04EC0-301F-11D3-BF4B-00C04F79EFBC}") = "ClientSecretKeyGenerator", "Security\ClientSecretKeyGenerator\ClientSecretKeyGenerator.csproj", "{149468A1-A3A0-461A-BA69-CFC26CD11A7C}"
EndProject
Project("{2150E333-8FDC-42A3-9474-1A3956D46DE8}") = "CORS", "CORS", "{7A78CC34-E735-41E7-8703-97CCACF3A977}"
EndProject
Project("{FAE04EC0-301F-11D3-BF4B-00C04F79EFBC}") = "UserServiceAPI", "Security\CORS\UserServiceAPI\UserServiceAPI.csproj", "{0D60ED12-312C-408D-B58D-C7366AA84579}"
EndProject
Project("{FAE04EC0-301F-11D3-BF4B-00C04F79EFBC}") = "UserClientApp", "Security\CORS\UserClientApp\UserClientApp.csproj", "{EEE0AEE2-5235-49C3-8482-AC5CF8875C42}"
EndProject
Global
	GlobalSection(SolutionConfigurationPlatforms) = preSolution
		Debug|Any CPU = Debug|Any CPU
		Release|Any CPU = Release|Any CPU
	EndGlobalSection
	GlobalSection(SolutionProperties) = preSolution
		HideSolutionNode = FALSE
	EndGlobalSection
	GlobalSection(ProjectConfigurationPlatforms) = postSolution
		{4994B59D-6A14-4413-9091-3F90DD01C264}.Debug|Any CPU.ActiveCfg = Debug|Any CPU
		{4994B59D-6A14-4413-9091-3F90DD01C264}.Debug|Any CPU.Build.0 = Debug|Any CPU
		{4994B59D-6A14-4413-9091-3F90DD01C264}.Release|Any CPU.ActiveCfg = Release|Any CPU
		{4994B59D-6A14-4413-9091-3F90DD01C264}.Release|Any CPU.Build.0 = Release|Any CPU
		{E277F5E7-5547-4127-A791-10AD1A33E18E}.Debug|Any CPU.ActiveCfg = Debug|Any CPU
		{E277F5E7-5547-4127-A791-10AD1A33E18E}.Debug|Any CPU.Build.0 = Debug|Any CPU
		{E277F5E7-5547-4127-A791-10AD1A33E18E}.Release|Any CPU.ActiveCfg = Release|Any CPU
		{E277F5E7-5547-4127-A791-10AD1A33E18E}.Release|Any CPU.Build.0 = Release|Any CPU
		{9DC4ACFF-4885-4BEC-B35C-4D352393A46C}.Debug|Any CPU.ActiveCfg = Debug|Any CPU
		{9DC4ACFF-4885-4BEC-B35C-4D352393A46C}.Debug|Any CPU.Build.0 = Debug|Any CPU
		{9DC4ACFF-4885-4BEC-B35C-4D352393A46C}.Release|Any CPU.ActiveCfg = Release|Any CPU
		{9DC4ACFF-4885-4BEC-B35C-4D352393A46C}.Release|Any CPU.Build.0 = Release|Any CPU
		{93773C6B-4A8C-4B38-840B-1ADC3CEB9FDB}.Debug|Any CPU.ActiveCfg = Debug|Any CPU
		{93773C6B-4A8C-4B38-840B-1ADC3CEB9FDB}.Debug|Any CPU.Build.0 = Debug|Any CPU
		{93773C6B-4A8C-4B38-840B-1ADC3CEB9FDB}.Release|Any CPU.ActiveCfg = Release|Any CPU
		{93773C6B-4A8C-4B38-840B-1ADC3CEB9FDB}.Release|Any CPU.Build.0 = Release|Any CPU
		{45F0C90C-95D5-49AB-9FF2-04ED99C209DD}.Debug|Any CPU.ActiveCfg = Debug|Any CPU
		{45F0C90C-95D5-49AB-9FF2-04ED99C209DD}.Debug|Any CPU.Build.0 = Debug|Any CPU
		{45F0C90C-95D5-49AB-9FF2-04ED99C209DD}.Release|Any CPU.ActiveCfg = Release|Any CPU
		{45F0C90C-95D5-49AB-9FF2-04ED99C209DD}.Release|Any CPU.Build.0 = Release|Any CPU
		{4919929E-B7B5-4F32-8F85-553E82C84E3A}.Debug|Any CPU.ActiveCfg = Debug|Any CPU
		{4919929E-B7B5-4F32-8F85-553E82C84E3A}.Debug|Any CPU.Build.0 = Debug|Any CPU
		{4919929E-B7B5-4F32-8F85-553E82C84E3A}.Release|Any CPU.ActiveCfg = Release|Any CPU
		{4919929E-B7B5-4F32-8F85-553E82C84E3A}.Release|Any CPU.Build.0 = Release|Any CPU
		{F3F20AC7-A911-461C-9023-C2175AFEC3E5}.Debug|Any CPU.ActiveCfg = Debug|Any CPU
		{F3F20AC7-A911-461C-9023-C2175AFEC3E5}.Debug|Any CPU.Build.0 = Debug|Any CPU
		{F3F20AC7-A911-461C-9023-C2175AFEC3E5}.Release|Any CPU.ActiveCfg = Release|Any CPU
		{F3F20AC7-A911-461C-9023-C2175AFEC3E5}.Release|Any CPU.Build.0 = Release|Any CPU
		{A7F7C86B-BF86-4E1F-81F7-D49090545219}.Debug|Any CPU.ActiveCfg = Debug|Any CPU
		{A7F7C86B-BF86-4E1F-81F7-D49090545219}.Debug|Any CPU.Build.0 = Debug|Any CPU
		{A7F7C86B-BF86-4E1F-81F7-D49090545219}.Release|Any CPU.ActiveCfg = Release|Any CPU
		{A7F7C86B-BF86-4E1F-81F7-D49090545219}.Release|Any CPU.Build.0 = Release|Any CPU
		{19673332-ECB9-486B-A95C-EECF244EC4F2}.Debug|Any CPU.ActiveCfg = Debug|Any CPU
		{19673332-ECB9-486B-A95C-EECF244EC4F2}.Debug|Any CPU.Build.0 = Debug|Any CPU
		{19673332-ECB9-486B-A95C-EECF244EC4F2}.Release|Any CPU.ActiveCfg = Release|Any CPU
		{19673332-ECB9-486B-A95C-EECF244EC4F2}.Release|Any CPU.Build.0 = Release|Any CPU
		{BE6029A5-89B8-4068-BFDC-99E259050315}.Debug|Any CPU.ActiveCfg = Debug|Any CPU
		{BE6029A5-89B8-4068-BFDC-99E259050315}.Debug|Any CPU.Build.0 = Debug|Any CPU
		{BE6029A5-89B8-4068-BFDC-99E259050315}.Release|Any CPU.ActiveCfg = Release|Any CPU
		{BE6029A5-89B8-4068-BFDC-99E259050315}.Release|Any CPU.Build.0 = Release|Any CPU
		{F300B7D8-23FB-4748-90C8-FEBA180166A4}.Debug|Any CPU.ActiveCfg = Debug|Any CPU
		{F300B7D8-23FB-4748-90C8-FEBA180166A4}.Debug|Any CPU.Build.0 = Debug|Any CPU
		{F300B7D8-23FB-4748-90C8-FEBA180166A4}.Release|Any CPU.ActiveCfg = Release|Any CPU
		{F300B7D8-23FB-4748-90C8-FEBA180166A4}.Release|Any CPU.Build.0 = Release|Any CPU
		{9F7D0C42-62A9-4D65-95E3-497393E347A1}.Debug|Any CPU.ActiveCfg = Debug|Any CPU
		{9F7D0C42-62A9-4D65-95E3-497393E347A1}.Debug|Any CPU.Build.0 = Debug|Any CPU
		{9F7D0C42-62A9-4D65-95E3-497393E347A1}.Release|Any CPU.ActiveCfg = Release|Any CPU
		{9F7D0C42-62A9-4D65-95E3-497393E347A1}.Release|Any CPU.Build.0 = Release|Any CPU
		{E8165611-0B8F-468C-A89D-E4B117367B29}.Debug|Any CPU.ActiveCfg = Debug|Any CPU
		{E8165611-0B8F-468C-A89D-E4B117367B29}.Debug|Any CPU.Build.0 = Debug|Any CPU
		{E8165611-0B8F-468C-A89D-E4B117367B29}.Release|Any CPU.ActiveCfg = Release|Any CPU
		{E8165611-0B8F-468C-A89D-E4B117367B29}.Release|Any CPU.Build.0 = Release|Any CPU
		{6E352896-B350-46A5-8611-B4235B8E7846}.Debug|Any CPU.ActiveCfg = Debug|Any CPU
		{6E352896-B350-46A5-8611-B4235B8E7846}.Debug|Any CPU.Build.0 = Debug|Any CPU
		{6E352896-B350-46A5-8611-B4235B8E7846}.Release|Any CPU.ActiveCfg = Release|Any CPU
		{6E352896-B350-46A5-8611-B4235B8E7846}.Release|Any CPU.Build.0 = Release|Any CPU
		{09F6DC3B-3FA7-467C-B163-1ED8AFB51844}.Debug|Any CPU.ActiveCfg = Debug|Any CPU
		{09F6DC3B-3FA7-467C-B163-1ED8AFB51844}.Debug|Any CPU.Build.0 = Debug|Any CPU
		{09F6DC3B-3FA7-467C-B163-1ED8AFB51844}.Release|Any CPU.ActiveCfg = Release|Any CPU
		{09F6DC3B-3FA7-467C-B163-1ED8AFB51844}.Release|Any CPU.Build.0 = Release|Any CPU
		{C2B1C275-FE02-4702-A276-6E1251399B39}.Debug|Any CPU.ActiveCfg = Debug|Any CPU
		{C2B1C275-FE02-4702-A276-6E1251399B39}.Debug|Any CPU.Build.0 = Debug|Any CPU
		{C2B1C275-FE02-4702-A276-6E1251399B39}.Release|Any CPU.ActiveCfg = Release|Any CPU
		{C2B1C275-FE02-4702-A276-6E1251399B39}.Release|Any CPU.Build.0 = Release|Any CPU
		{07451A2B-19D0-41FA-923D-25F51B8C71CF}.Debug|Any CPU.ActiveCfg = Debug|Any CPU
		{07451A2B-19D0-41FA-923D-25F51B8C71CF}.Debug|Any CPU.Build.0 = Debug|Any CPU
		{07451A2B-19D0-41FA-923D-25F51B8C71CF}.Release|Any CPU.ActiveCfg = Release|Any CPU
		{07451A2B-19D0-41FA-923D-25F51B8C71CF}.Release|Any CPU.Build.0 = Release|Any CPU
		{1552B3FC-A515-46DB-A831-AF8BA57CC7C8}.Debug|Any CPU.ActiveCfg = Debug|Any CPU
		{1552B3FC-A515-46DB-A831-AF8BA57CC7C8}.Debug|Any CPU.Build.0 = Debug|Any CPU
		{1552B3FC-A515-46DB-A831-AF8BA57CC7C8}.Release|Any CPU.ActiveCfg = Release|Any CPU
		{1552B3FC-A515-46DB-A831-AF8BA57CC7C8}.Release|Any CPU.Build.0 = Release|Any CPU
		{8A25E62F-5C86-440B-A89D-E106BFB4F886}.Debug|Any CPU.ActiveCfg = Debug|Any CPU
		{8A25E62F-5C86-440B-A89D-E106BFB4F886}.Debug|Any CPU.Build.0 = Debug|Any CPU
		{8A25E62F-5C86-440B-A89D-E106BFB4F886}.Release|Any CPU.ActiveCfg = Release|Any CPU
		{8A25E62F-5C86-440B-A89D-E106BFB4F886}.Release|Any CPU.Build.0 = Release|Any CPU
		{0ADAB647-C8CD-4E87-A555-C6A7730100A9}.Debug|Any CPU.ActiveCfg = Debug|Any CPU
		{0ADAB647-C8CD-4E87-A555-C6A7730100A9}.Debug|Any CPU.Build.0 = Debug|Any CPU
		{0ADAB647-C8CD-4E87-A555-C6A7730100A9}.Release|Any CPU.ActiveCfg = Release|Any CPU
		{0ADAB647-C8CD-4E87-A555-C6A7730100A9}.Release|Any CPU.Build.0 = Release|Any CPU
		{50DB28BE-C33D-4A9A-A669-55D2C52A9CF5}.Debug|Any CPU.ActiveCfg = Debug|Any CPU
		{50DB28BE-C33D-4A9A-A669-55D2C52A9CF5}.Debug|Any CPU.Build.0 = Debug|Any CPU
		{50DB28BE-C33D-4A9A-A669-55D2C52A9CF5}.Release|Any CPU.ActiveCfg = Release|Any CPU
		{50DB28BE-C33D-4A9A-A669-55D2C52A9CF5}.Release|Any CPU.Build.0 = Release|Any CPU
		{62B53265-D0B3-4F12-A814-5F8457A24D27}.Debug|Any CPU.ActiveCfg = Debug|Any CPU
		{62B53265-D0B3-4F12-A814-5F8457A24D27}.Debug|Any CPU.Build.0 = Debug|Any CPU
		{62B53265-D0B3-4F12-A814-5F8457A24D27}.Release|Any CPU.ActiveCfg = Release|Any CPU
		{62B53265-D0B3-4F12-A814-5F8457A24D27}.Release|Any CPU.Build.0 = Release|Any CPU
		{CACBD4F1-249A-4CCC-BEFA-EC75921B1219}.Debug|Any CPU.ActiveCfg = Debug|Any CPU
		{CACBD4F1-249A-4CCC-BEFA-EC75921B1219}.Debug|Any CPU.Build.0 = Debug|Any CPU
		{CACBD4F1-249A-4CCC-BEFA-EC75921B1219}.Release|Any CPU.ActiveCfg = Release|Any CPU
		{CACBD4F1-249A-4CCC-BEFA-EC75921B1219}.Release|Any CPU.Build.0 = Release|Any CPU
		{FA5FC1A2-A538-4550-81EA-C79E0E21DC56}.Debug|Any CPU.ActiveCfg = Debug|Any CPU
		{FA5FC1A2-A538-4550-81EA-C79E0E21DC56}.Debug|Any CPU.Build.0 = Debug|Any CPU
		{FA5FC1A2-A538-4550-81EA-C79E0E21DC56}.Release|Any CPU.ActiveCfg = Release|Any CPU
		{FA5FC1A2-A538-4550-81EA-C79E0E21DC56}.Release|Any CPU.Build.0 = Release|Any CPU
		{9D46623C-75A0-4512-986B-9C762BD5F9F9}.Debug|Any CPU.ActiveCfg = Debug|Any CPU
		{9D46623C-75A0-4512-986B-9C762BD5F9F9}.Debug|Any CPU.Build.0 = Debug|Any CPU
		{9D46623C-75A0-4512-986B-9C762BD5F9F9}.Release|Any CPU.ActiveCfg = Release|Any CPU
		{9D46623C-75A0-4512-986B-9C762BD5F9F9}.Release|Any CPU.Build.0 = Release|Any CPU
		{1D625DE6-1057-4EFF-B255-500EEFF8BD04}.Debug|Any CPU.ActiveCfg = Debug|Any CPU
		{1D625DE6-1057-4EFF-B255-500EEFF8BD04}.Debug|Any CPU.Build.0 = Debug|Any CPU
		{1D625DE6-1057-4EFF-B255-500EEFF8BD04}.Release|Any CPU.ActiveCfg = Release|Any CPU
		{1D625DE6-1057-4EFF-B255-500EEFF8BD04}.Release|Any CPU.Build.0 = Release|Any CPU
		{DCF7A2BF-A280-437D-8F24-E29E6744AF39}.Debug|Any CPU.ActiveCfg = Debug|Any CPU
		{DCF7A2BF-A280-437D-8F24-E29E6744AF39}.Debug|Any CPU.Build.0 = Debug|Any CPU
		{DCF7A2BF-A280-437D-8F24-E29E6744AF39}.Release|Any CPU.ActiveCfg = Release|Any CPU
		{DCF7A2BF-A280-437D-8F24-E29E6744AF39}.Release|Any CPU.Build.0 = Release|Any CPU
		{A9D2F79F-00E9-49F9-96D6-7ECBB76918DC}.Debug|Any CPU.ActiveCfg = Debug|Any CPU
		{A9D2F79F-00E9-49F9-96D6-7ECBB76918DC}.Debug|Any CPU.Build.0 = Debug|Any CPU
		{A9D2F79F-00E9-49F9-96D6-7ECBB76918DC}.Release|Any CPU.ActiveCfg = Release|Any CPU
		{A9D2F79F-00E9-49F9-96D6-7ECBB76918DC}.Release|Any CPU.Build.0 = Release|Any CPU
		{5D3039A9-FF3C-4DB7-9477-EB522FC2B92E}.Debug|Any CPU.ActiveCfg = Debug|Any CPU
		{5D3039A9-FF3C-4DB7-9477-EB522FC2B92E}.Debug|Any CPU.Build.0 = Debug|Any CPU
		{5D3039A9-FF3C-4DB7-9477-EB522FC2B92E}.Release|Any CPU.ActiveCfg = Release|Any CPU
		{5D3039A9-FF3C-4DB7-9477-EB522FC2B92E}.Release|Any CPU.Build.0 = Release|Any CPU
		{646550B4-8A27-4C09-B959-621C63108AB3}.Debug|Any CPU.ActiveCfg = Debug|Any CPU
		{646550B4-8A27-4C09-B959-621C63108AB3}.Debug|Any CPU.Build.0 = Debug|Any CPU
		{646550B4-8A27-4C09-B959-621C63108AB3}.Release|Any CPU.ActiveCfg = Release|Any CPU
		{646550B4-8A27-4C09-B959-621C63108AB3}.Release|Any CPU.Build.0 = Release|Any CPU
		{6C1493F2-0446-4CBF-B2EF-022448D3D8F2}.Debug|Any CPU.ActiveCfg = Debug|Any CPU
		{6C1493F2-0446-4CBF-B2EF-022448D3D8F2}.Debug|Any CPU.Build.0 = Debug|Any CPU
		{6C1493F2-0446-4CBF-B2EF-022448D3D8F2}.Release|Any CPU.ActiveCfg = Release|Any CPU
		{6C1493F2-0446-4CBF-B2EF-022448D3D8F2}.Release|Any CPU.Build.0 = Release|Any CPU
		{833D379D-B315-45DA-B9D0-C7BD68D9E714}.Debug|Any CPU.ActiveCfg = Debug|Any CPU
		{833D379D-B315-45DA-B9D0-C7BD68D9E714}.Debug|Any CPU.Build.0 = Debug|Any CPU
		{833D379D-B315-45DA-B9D0-C7BD68D9E714}.Release|Any CPU.ActiveCfg = Release|Any CPU
		{833D379D-B315-45DA-B9D0-C7BD68D9E714}.Release|Any CPU.Build.0 = Release|Any CPU
		{B839EFF3-47EA-4864-8AFA-23B580D2932C}.Debug|Any CPU.ActiveCfg = Debug|Any CPU
		{B839EFF3-47EA-4864-8AFA-23B580D2932C}.Debug|Any CPU.Build.0 = Debug|Any CPU
		{B839EFF3-47EA-4864-8AFA-23B580D2932C}.Release|Any CPU.ActiveCfg = Release|Any CPU
		{B839EFF3-47EA-4864-8AFA-23B580D2932C}.Release|Any CPU.Build.0 = Release|Any CPU
		{B548F39B-2778-4B3D-9E26-905CA158900E}.Debug|Any CPU.ActiveCfg = Debug|Any CPU
		{B548F39B-2778-4B3D-9E26-905CA158900E}.Debug|Any CPU.Build.0 = Debug|Any CPU
		{B548F39B-2778-4B3D-9E26-905CA158900E}.Release|Any CPU.ActiveCfg = Release|Any CPU
		{B548F39B-2778-4B3D-9E26-905CA158900E}.Release|Any CPU.Build.0 = Release|Any CPU
		{01AFC421-41C6-4677-989E-AE54FDEC8C6B}.Debug|Any CPU.ActiveCfg = Debug|Any CPU
		{01AFC421-41C6-4677-989E-AE54FDEC8C6B}.Debug|Any CPU.Build.0 = Debug|Any CPU
		{01AFC421-41C6-4677-989E-AE54FDEC8C6B}.Release|Any CPU.ActiveCfg = Release|Any CPU
		{01AFC421-41C6-4677-989E-AE54FDEC8C6B}.Release|Any CPU.Build.0 = Release|Any CPU
		{CA758FC2-EF8C-411D-ACC7-290EA505AD60}.Debug|Any CPU.ActiveCfg = Debug|Any CPU
		{CA758FC2-EF8C-411D-ACC7-290EA505AD60}.Debug|Any CPU.Build.0 = Debug|Any CPU
		{CA758FC2-EF8C-411D-ACC7-290EA505AD60}.Release|Any CPU.ActiveCfg = Release|Any CPU
		{CA758FC2-EF8C-411D-ACC7-290EA505AD60}.Release|Any CPU.Build.0 = Release|Any CPU
		{05459017-C7FE-4050-B01A-D6E5F9C8D694}.Debug|Any CPU.ActiveCfg = Debug|Any CPU
		{05459017-C7FE-4050-B01A-D6E5F9C8D694}.Debug|Any CPU.Build.0 = Debug|Any CPU
		{05459017-C7FE-4050-B01A-D6E5F9C8D694}.Release|Any CPU.ActiveCfg = Release|Any CPU
		{05459017-C7FE-4050-B01A-D6E5F9C8D694}.Release|Any CPU.Build.0 = Release|Any CPU
		{D036880F-E9D7-45D7-8ECC-54AA7921BD05}.Debug|Any CPU.ActiveCfg = Debug|Any CPU
		{D036880F-E9D7-45D7-8ECC-54AA7921BD05}.Debug|Any CPU.Build.0 = Debug|Any CPU
		{D036880F-E9D7-45D7-8ECC-54AA7921BD05}.Release|Any CPU.ActiveCfg = Release|Any CPU
		{D036880F-E9D7-45D7-8ECC-54AA7921BD05}.Release|Any CPU.Build.0 = Release|Any CPU
		{68F7DDB5-1924-44EB-B7FF-95F42C9CA47A}.Debug|Any CPU.ActiveCfg = Debug|Any CPU
		{68F7DDB5-1924-44EB-B7FF-95F42C9CA47A}.Debug|Any CPU.Build.0 = Debug|Any CPU
		{68F7DDB5-1924-44EB-B7FF-95F42C9CA47A}.Release|Any CPU.ActiveCfg = Release|Any CPU
		{68F7DDB5-1924-44EB-B7FF-95F42C9CA47A}.Release|Any CPU.Build.0 = Release|Any CPU
		{AEA3B0E8-3BEF-45EF-9846-3C1FB174FC7E}.Debug|Any CPU.ActiveCfg = Debug|Any CPU
		{AEA3B0E8-3BEF-45EF-9846-3C1FB174FC7E}.Debug|Any CPU.Build.0 = Debug|Any CPU
		{AEA3B0E8-3BEF-45EF-9846-3C1FB174FC7E}.Release|Any CPU.ActiveCfg = Release|Any CPU
		{AEA3B0E8-3BEF-45EF-9846-3C1FB174FC7E}.Release|Any CPU.Build.0 = Release|Any CPU
		{CA052510-F624-4EAB-9245-63C58C050EE0}.Debug|Any CPU.ActiveCfg = Debug|Any CPU
		{CA052510-F624-4EAB-9245-63C58C050EE0}.Debug|Any CPU.Build.0 = Debug|Any CPU
		{CA052510-F624-4EAB-9245-63C58C050EE0}.Release|Any CPU.ActiveCfg = Release|Any CPU
		{CA052510-F624-4EAB-9245-63C58C050EE0}.Release|Any CPU.Build.0 = Release|Any CPU
		{F2E680A2-E40E-48E2-8DB9-80182AB1ACE8}.Debug|Any CPU.ActiveCfg = Debug|Any CPU
		{F2E680A2-E40E-48E2-8DB9-80182AB1ACE8}.Debug|Any CPU.Build.0 = Debug|Any CPU
		{F2E680A2-E40E-48E2-8DB9-80182AB1ACE8}.Release|Any CPU.ActiveCfg = Release|Any CPU
		{F2E680A2-E40E-48E2-8DB9-80182AB1ACE8}.Release|Any CPU.Build.0 = Release|Any CPU
		{197DD2F3-BE1D-4E3C-89B4-63182F7E2631}.Debug|Any CPU.ActiveCfg = Debug|Any CPU
		{197DD2F3-BE1D-4E3C-89B4-63182F7E2631}.Debug|Any CPU.Build.0 = Debug|Any CPU
		{197DD2F3-BE1D-4E3C-89B4-63182F7E2631}.Release|Any CPU.ActiveCfg = Release|Any CPU
		{197DD2F3-BE1D-4E3C-89B4-63182F7E2631}.Release|Any CPU.Build.0 = Release|Any CPU
		{149468A1-A3A0-461A-BA69-CFC26CD11A7C}.Debug|Any CPU.ActiveCfg = Debug|Any CPU
		{149468A1-A3A0-461A-BA69-CFC26CD11A7C}.Debug|Any CPU.Build.0 = Debug|Any CPU
		{149468A1-A3A0-461A-BA69-CFC26CD11A7C}.Release|Any CPU.ActiveCfg = Release|Any CPU
		{149468A1-A3A0-461A-BA69-CFC26CD11A7C}.Release|Any CPU.Build.0 = Release|Any CPU
		{0D60ED12-312C-408D-B58D-C7366AA84579}.Debug|Any CPU.ActiveCfg = Debug|Any CPU
		{0D60ED12-312C-408D-B58D-C7366AA84579}.Debug|Any CPU.Build.0 = Debug|Any CPU
		{0D60ED12-312C-408D-B58D-C7366AA84579}.Release|Any CPU.ActiveCfg = Release|Any CPU
		{0D60ED12-312C-408D-B58D-C7366AA84579}.Release|Any CPU.Build.0 = Release|Any CPU
		{EEE0AEE2-5235-49C3-8482-AC5CF8875C42}.Debug|Any CPU.ActiveCfg = Debug|Any CPU
		{EEE0AEE2-5235-49C3-8482-AC5CF8875C42}.Debug|Any CPU.Build.0 = Debug|Any CPU
		{EEE0AEE2-5235-49C3-8482-AC5CF8875C42}.Release|Any CPU.ActiveCfg = Release|Any CPU
		{EEE0AEE2-5235-49C3-8482-AC5CF8875C42}.Release|Any CPU.Build.0 = Release|Any CPU
	EndGlobalSection
	GlobalSection(NestedProjects) = preSolution
		{A9D2F79F-00E9-49F9-96D6-7ECBB76918DC} = {EEC92CFE-2BCE-4EB3-9485-B228AE937332}
		{5D3039A9-FF3C-4DB7-9477-EB522FC2B92E} = {EEC92CFE-2BCE-4EB3-9485-B228AE937332}
		{646550B4-8A27-4C09-B959-621C63108AB3} = {EEC92CFE-2BCE-4EB3-9485-B228AE937332}
		{6C1493F2-0446-4CBF-B2EF-022448D3D8F2} = {EEC92CFE-2BCE-4EB3-9485-B228AE937332}
		{833D379D-B315-45DA-B9D0-C7BD68D9E714} = {EEC92CFE-2BCE-4EB3-9485-B228AE937332}
		{B839EFF3-47EA-4864-8AFA-23B580D2932C} = {EEC92CFE-2BCE-4EB3-9485-B228AE937332}
		{B548F39B-2778-4B3D-9E26-905CA158900E} = {EEC92CFE-2BCE-4EB3-9485-B228AE937332}
		{01AFC421-41C6-4677-989E-AE54FDEC8C6B} = {44BD6D8B-54BF-4C9B-BC48-8AB3127089A2}
		{CA758FC2-EF8C-411D-ACC7-290EA505AD60} = {44BD6D8B-54BF-4C9B-BC48-8AB3127089A2}
		{05459017-C7FE-4050-B01A-D6E5F9C8D694} = {44BD6D8B-54BF-4C9B-BC48-8AB3127089A2}
		{D036880F-E9D7-45D7-8ECC-54AA7921BD05} = {44BD6D8B-54BF-4C9B-BC48-8AB3127089A2}
		{68F7DDB5-1924-44EB-B7FF-95F42C9CA47A} = {44BD6D8B-54BF-4C9B-BC48-8AB3127089A2}
		{AEA3B0E8-3BEF-45EF-9846-3C1FB174FC7E} = {44BD6D8B-54BF-4C9B-BC48-8AB3127089A2}
		{CA052510-F624-4EAB-9245-63C58C050EE0} = {44BD6D8B-54BF-4C9B-BC48-8AB3127089A2}
		{F2E680A2-E40E-48E2-8DB9-80182AB1ACE8} = {44BD6D8B-54BF-4C9B-BC48-8AB3127089A2}
		{197DD2F3-BE1D-4E3C-89B4-63182F7E2631} = {44BD6D8B-54BF-4C9B-BC48-8AB3127089A2}
		{149468A1-A3A0-461A-BA69-CFC26CD11A7C} = {44BD6D8B-54BF-4C9B-BC48-8AB3127089A2}
		{7A78CC34-E735-41E7-8703-97CCACF3A977} = {44BD6D8B-54BF-4C9B-BC48-8AB3127089A2}
		{0D60ED12-312C-408D-B58D-C7366AA84579} = {7A78CC34-E735-41E7-8703-97CCACF3A977}
		{EEE0AEE2-5235-49C3-8482-AC5CF8875C42} = {7A78CC34-E735-41E7-8703-97CCACF3A977}
	EndGlobalSection
EndGlobal
