
Microsoft Visual Studio Solution File, Format Version 12.00
# Visual Studio Version 17
VisualStudioVersion = 17.0.31903.59
MinimumVisualStudioVersion = 10.0.40219.1
Project("{FAE04EC0-301F-11D3-BF4B-00C04F79EFBC}") = "MyFirstWebAPIProject", "MyFirstWebAPIProject\MyFirstWebAPIProject.csproj", "{4994B59D-6A14-4413-9091-3F90DD01C264}"
EndProject
Project("{FAE04EC0-301F-11D3-BF4B-00C04F79EFBC}") = "ModelBinding", "ModelBinding\ModelBinding.csproj", "{E277F5E7-5547-4127-A791-10AD1A33E18E}"
EndProject
Project("{FAE04EC0-301F-11D3-BF4B-00C04F79EFBC}") = "AutoMapperDemo", "AutoMapperDemo\AutoMapperDemo.csproj", "{9DC4ACFF-4885-4BEC-B35C-4D352393A46C}"
EndProject
Project("{FAE04EC0-301F-11D3-BF4B-00C04F79EFBC}") = "AutoMapperComplexMappingDemo", "AutoMapperComplexMappingDemo\AutoMapperComplexMappingDemo.csproj", "{93773C6B-4A8C-4B38-840B-1ADC3CEB9FDB}"
EndProject
Project("{FAE04EC0-301F-11D3-BF4B-00C04F79EFBC}") = "AutoMapperPrimitiveTypesComplexType", "AutoMapperPrimitiveTypesComplexType\AutoMapperPrimitiveTypesComplexType.csproj", "{45F0C90C-95D5-49AB-9FF2-04ED99C209DD}"
EndProject
Project("{FAE04EC0-301F-11D3-BF4B-00C04F79EFBC}") = "AutoMapperReverse", "AutoMapperReverse\AutoMapperReverse.csproj", "{4919929E-B7B5-4F32-8F85-553E82C84E3A}"
EndProject
Project("{FAE04EC0-301F-11D3-BF4B-00C04F79EFBC}") = "AutoMapperConditional", "AutoMapperConditional\AutoMapperConditional.csproj", "{F3F20AC7-A911-461C-9023-C2175AFEC3E5}"
EndProject
Project("{FAE04EC0-301F-11D3-BF4B-00C04F79EFBC}") = "AutoMapperIgnoreProperty", "AutoMapperIgnoreProperty\AutoMapperIgnoreProperty.csproj", "{A7F7C86B-BF86-4E1F-81F7-D49090545219}"
EndProject
Project("{FAE04EC0-301F-11D3-BF4B-00C04F79EFBC}") = "AutomapperNullSubstitute", "AutomapperNullSubstitute\AutomapperNullSubstitute.csproj", "{19673332-ECB9-486B-A95C-EECF244EC4F2}"
EndProject
Project("{FAE04EC0-301F-11D3-BF4B-00C04F79EFBC}") = "HTTPMethods", "HTTPMethods\HTTPMethods.csproj", "{BE6029A5-89B8-4068-BFDC-99E259050315}"
EndProject
Project("{FAE04EC0-301F-11D3-BF4B-00C04F79EFBC}") = "LoggingDemo", "LoggingDemo\LoggingDemo.csproj", "{9F7D0C42-62A9-4D65-95E3-497393E347A1}"
EndProject
Project("{FAE04EC0-301F-11D3-BF4B-00C04F79EFBC}") = "CustomLoggingProvider", "CustomLoggingProvider\CustomLoggingProvider.csproj", "{E8165611-0B8F-468C-A89D-E4B117367B29}"
EndProject
Project("{FAE04EC0-301F-11D3-BF4B-00C04F79EFBC}") = "ImplementSerilog", "ImplementSerilog\ImplementSerilog.csproj", "{6E352896-B350-46A5-8611-B4235B8E7846}"
EndProject
Project("{FAE04EC0-301F-11D3-BF4B-00C04F79EFBC}") = "LoggingSerilogToDatabase", "LoggingSerilogToDatabase\LoggingSerilogToDatabase.csproj", "{09F6DC3B-3FA7-467C-B163-1ED8AFB51844}"
EndProject
Project("{FAE04EC0-301F-11D3-BF4B-00C04F79EFBC}") = "NLogDemo", "NLogDemo\NLogDemo.csproj", "{C2B1C275-FE02-4702-A276-6E1251399B39}"
EndProject
Project("{FAE04EC0-301F-11D3-BF4B-00C04F79EFBC}") = "NLogToDatabase", "NLogToDatabase\NLogToDatabase.csproj", "{07451A2B-19D0-41FA-923D-25F51B8C71CF}"
EndProject
Project("{FAE04EC0-301F-11D3-BF4B-00C04F79EFBC}") = "ElasticsearchConfiguration", "ElasticsearchConfiguration\ElasticsearchConfiguration.csproj", "{1552B3FC-A515-46DB-A831-AF8BA57CC7C8}"
EndProject
Project("{FAE04EC0-301F-11D3-BF4B-00C04F79EFBC}") = "MemoryCacheDemo", "MemoryCacheDemo\MemoryCacheDemo.csproj", "{8A25E62F-5C86-440B-A89D-E106BFB4F886}"
EndProject
Project("{FAE04EC0-301F-11D3-BF4B-00C04F79EFBC}") = "RedisDemo", "RedisDemo\RedisDemo.csproj", "{0ADAB647-C8CD-4E87-A555-C6A7730100A9}"
EndProject
Project("{FAE04EC0-301F-11D3-BF4B-00C04F79EFBC}") = "NCachDemo", "NCachDemo\NCachDemo.csproj", "{50DB28BE-C33D-4A9A-A669-55D2C52A9CF5}"
EndProject
Global
	GlobalSection(SolutionConfigurationPlatforms) = preSolution
		Debug|Any CPU = Debug|Any CPU
		Release|Any CPU = Release|Any CPU
	EndGlobalSection
	GlobalSection(SolutionProperties) = preSolution
		HideSolutionNode = FALSE
	EndGlobalSection
	GlobalSection(ProjectConfigurationPlatforms) = postSolution
		{4994B59D-6A14-4413-9091-3F90DD01C264}.Debug|Any CPU.ActiveCfg = Debug|Any CPU
		{4994B59D-6A14-4413-9091-3F90DD01C264}.Debug|Any CPU.Build.0 = Debug|Any CPU
		{4994B59D-6A14-4413-9091-3F90DD01C264}.Release|Any CPU.ActiveCfg = Release|Any CPU
		{4994B59D-6A14-4413-9091-3F90DD01C264}.Release|Any CPU.Build.0 = Release|Any CPU
		{E277F5E7-5547-4127-A791-10AD1A33E18E}.Debug|Any CPU.ActiveCfg = Debug|Any CPU
		{E277F5E7-5547-4127-A791-10AD1A33E18E}.Debug|Any CPU.Build.0 = Debug|Any CPU
		{E277F5E7-5547-4127-A791-10AD1A33E18E}.Release|Any CPU.ActiveCfg = Release|Any CPU
		{E277F5E7-5547-4127-A791-10AD1A33E18E}.Release|Any CPU.Build.0 = Release|Any CPU
		{9DC4ACFF-4885-4BEC-B35C-4D352393A46C}.Debug|Any CPU.ActiveCfg = Debug|Any CPU
		{9DC4ACFF-4885-4BEC-B35C-4D352393A46C}.Debug|Any CPU.Build.0 = Debug|Any CPU
		{9DC4ACFF-4885-4BEC-B35C-4D352393A46C}.Release|Any CPU.ActiveCfg = Release|Any CPU
		{9DC4ACFF-4885-4BEC-B35C-4D352393A46C}.Release|Any CPU.Build.0 = Release|Any CPU
		{93773C6B-4A8C-4B38-840B-1ADC3CEB9FDB}.Debug|Any CPU.ActiveCfg = Debug|Any CPU
		{93773C6B-4A8C-4B38-840B-1ADC3CEB9FDB}.Debug|Any CPU.Build.0 = Debug|Any CPU
		{93773C6B-4A8C-4B38-840B-1ADC3CEB9FDB}.Release|Any CPU.ActiveCfg = Release|Any CPU
		{93773C6B-4A8C-4B38-840B-1ADC3CEB9FDB}.Release|Any CPU.Build.0 = Release|Any CPU
		{45F0C90C-95D5-49AB-9FF2-04ED99C209DD}.Debug|Any CPU.ActiveCfg = Debug|Any CPU
		{45F0C90C-95D5-49AB-9FF2-04ED99C209DD}.Debug|Any CPU.Build.0 = Debug|Any CPU
		{45F0C90C-95D5-49AB-9FF2-04ED99C209DD}.Release|Any CPU.ActiveCfg = Release|Any CPU
		{45F0C90C-95D5-49AB-9FF2-04ED99C209DD}.Release|Any CPU.Build.0 = Release|Any CPU
		{4919929E-B7B5-4F32-8F85-553E82C84E3A}.Debug|Any CPU.ActiveCfg = Debug|Any CPU
		{4919929E-B7B5-4F32-8F85-553E82C84E3A}.Debug|Any CPU.Build.0 = Debug|Any CPU
		{4919929E-B7B5-4F32-8F85-553E82C84E3A}.Release|Any CPU.ActiveCfg = Release|Any CPU
		{4919929E-B7B5-4F32-8F85-553E82C84E3A}.Release|Any CPU.Build.0 = Release|Any CPU
		{F3F20AC7-A911-461C-9023-C2175AFEC3E5}.Debug|Any CPU.ActiveCfg = Debug|Any CPU
		{F3F20AC7-A911-461C-9023-C2175AFEC3E5}.Debug|Any CPU.Build.0 = Debug|Any CPU
		{F3F20AC7-A911-461C-9023-C2175AFEC3E5}.Release|Any CPU.ActiveCfg = Release|Any CPU
		{F3F20AC7-A911-461C-9023-C2175AFEC3E5}.Release|Any CPU.Build.0 = Release|Any CPU
		{A7F7C86B-BF86-4E1F-81F7-D49090545219}.Debug|Any CPU.ActiveCfg = Debug|Any CPU
		{A7F7C86B-BF86-4E1F-81F7-D49090545219}.Debug|Any CPU.Build.0 = Debug|Any CPU
		{A7F7C86B-BF86-4E1F-81F7-D49090545219}.Release|Any CPU.ActiveCfg = Release|Any CPU
		{A7F7C86B-BF86-4E1F-81F7-D49090545219}.Release|Any CPU.Build.0 = Release|Any CPU
		{19673332-ECB9-486B-A95C-EECF244EC4F2}.Debug|Any CPU.ActiveCfg = Debug|Any CPU
		{19673332-ECB9-486B-A95C-EECF244EC4F2}.Debug|Any CPU.Build.0 = Debug|Any CPU
		{19673332-ECB9-486B-A95C-EECF244EC4F2}.Release|Any CPU.ActiveCfg = Release|Any CPU
		{19673332-ECB9-486B-A95C-EECF244EC4F2}.Release|Any CPU.Build.0 = Release|Any CPU
		{BE6029A5-89B8-4068-BFDC-99E259050315}.Debug|Any CPU.ActiveCfg = Debug|Any CPU
		{BE6029A5-89B8-4068-BFDC-99E259050315}.Debug|Any CPU.Build.0 = Debug|Any CPU
		{BE6029A5-89B8-4068-BFDC-99E259050315}.Release|Any CPU.ActiveCfg = Release|Any CPU
		{BE6029A5-89B8-4068-BFDC-99E259050315}.Release|Any CPU.Build.0 = Release|Any CPU
		{F300B7D8-23FB-4748-90C8-FEBA180166A4}.Debug|Any CPU.ActiveCfg = Debug|Any CPU
		{F300B7D8-23FB-4748-90C8-FEBA180166A4}.Debug|Any CPU.Build.0 = Debug|Any CPU
		{F300B7D8-23FB-4748-90C8-FEBA180166A4}.Release|Any CPU.ActiveCfg = Release|Any CPU
		{F300B7D8-23FB-4748-90C8-FEBA180166A4}.Release|Any CPU.Build.0 = Release|Any CPU
		{9F7D0C42-62A9-4D65-95E3-497393E347A1}.Debug|Any CPU.ActiveCfg = Debug|Any CPU
		{9F7D0C42-62A9-4D65-95E3-497393E347A1}.Debug|Any CPU.Build.0 = Debug|Any CPU
		{9F7D0C42-62A9-4D65-95E3-497393E347A1}.Release|Any CPU.ActiveCfg = Release|Any CPU
		{9F7D0C42-62A9-4D65-95E3-497393E347A1}.Release|Any CPU.Build.0 = Release|Any CPU
		{E8165611-0B8F-468C-A89D-E4B117367B29}.Debug|Any CPU.ActiveCfg = Debug|Any CPU
		{E8165611-0B8F-468C-A89D-E4B117367B29}.Debug|Any CPU.Build.0 = Debug|Any CPU
		{E8165611-0B8F-468C-A89D-E4B117367B29}.Release|Any CPU.ActiveCfg = Release|Any CPU
		{E8165611-0B8F-468C-A89D-E4B117367B29}.Release|Any CPU.Build.0 = Release|Any CPU
		{6E352896-B350-46A5-8611-B4235B8E7846}.Debug|Any CPU.ActiveCfg = Debug|Any CPU
		{6E352896-B350-46A5-8611-B4235B8E7846}.Debug|Any CPU.Build.0 = Debug|Any CPU
		{6E352896-B350-46A5-8611-B4235B8E7846}.Release|Any CPU.ActiveCfg = Release|Any CPU
		{6E352896-B350-46A5-8611-B4235B8E7846}.Release|Any CPU.Build.0 = Release|Any CPU
		{09F6DC3B-3FA7-467C-B163-1ED8AFB51844}.Debug|Any CPU.ActiveCfg = Debug|Any CPU
		{09F6DC3B-3FA7-467C-B163-1ED8AFB51844}.Debug|Any CPU.Build.0 = Debug|Any CPU
		{09F6DC3B-3FA7-467C-B163-1ED8AFB51844}.Release|Any CPU.ActiveCfg = Release|Any CPU
		{09F6DC3B-3FA7-467C-B163-1ED8AFB51844}.Release|Any CPU.Build.0 = Release|Any CPU
		{C2B1C275-FE02-4702-A276-6E1251399B39}.Debug|Any CPU.ActiveCfg = Debug|Any CPU
		{C2B1C275-FE02-4702-A276-6E1251399B39}.Debug|Any CPU.Build.0 = Debug|Any CPU
		{C2B1C275-FE02-4702-A276-6E1251399B39}.Release|Any CPU.ActiveCfg = Release|Any CPU
		{C2B1C275-FE02-4702-A276-6E1251399B39}.Release|Any CPU.Build.0 = Release|Any CPU
		{07451A2B-19D0-41FA-923D-25F51B8C71CF}.Debug|Any CPU.ActiveCfg = Debug|Any CPU
		{07451A2B-19D0-41FA-923D-25F51B8C71CF}.Debug|Any CPU.Build.0 = Debug|Any CPU
		{07451A2B-19D0-41FA-923D-25F51B8C71CF}.Release|Any CPU.ActiveCfg = Release|Any CPU
		{07451A2B-19D0-41FA-923D-25F51B8C71CF}.Release|Any CPU.Build.0 = Release|Any CPU
		{1552B3FC-A515-46DB-A831-AF8BA57CC7C8}.Debug|Any CPU.ActiveCfg = Debug|Any CPU
		{1552B3FC-A515-46DB-A831-AF8BA57CC7C8}.Debug|Any CPU.Build.0 = Debug|Any CPU
		{1552B3FC-A515-46DB-A831-AF8BA57CC7C8}.Release|Any CPU.ActiveCfg = Release|Any CPU
		{1552B3FC-A515-46DB-A831-AF8BA57CC7C8}.Release|Any CPU.Build.0 = Release|Any CPU
		{8A25E62F-5C86-440B-A89D-E106BFB4F886}.Debug|Any CPU.ActiveCfg = Debug|Any CPU
		{8A25E62F-5C86-440B-A89D-E106BFB4F886}.Debug|Any CPU.Build.0 = Debug|Any CPU
		{8A25E62F-5C86-440B-A89D-E106BFB4F886}.Release|Any CPU.ActiveCfg = Release|Any CPU
		{8A25E62F-5C86-440B-A89D-E106BFB4F886}.Release|Any CPU.Build.0 = Release|Any CPU
		{0ADAB647-C8CD-4E87-A555-C6A7730100A9}.Debug|Any CPU.ActiveCfg = Debug|Any CPU
		{0ADAB647-C8CD-4E87-A555-C6A7730100A9}.Debug|Any CPU.Build.0 = Debug|Any CPU
		{0ADAB647-C8CD-4E87-A555-C6A7730100A9}.Release|Any CPU.ActiveCfg = Release|Any CPU
		{0ADAB647-C8CD-4E87-A555-C6A7730100A9}.Release|Any CPU.Build.0 = Release|Any CPU
		{50DB28BE-C33D-4A9A-A669-55D2C52A9CF5}.Debug|Any CPU.ActiveCfg = Debug|Any CPU
		{50DB28BE-C33D-4A9A-A669-55D2C52A9CF5}.Debug|Any CPU.Build.0 = Debug|Any CPU
		{50DB28BE-C33D-4A9A-A669-55D2C52A9CF5}.Release|Any CPU.ActiveCfg = Release|Any CPU
		{50DB28BE-C33D-4A9A-A669-55D2C52A9CF5}.Release|Any CPU.Build.0 = Release|Any CPU
	EndGlobalSection
EndGlobal
