Microsoft Visual Studio Solution File, Format Version 12.00
# Visual Studio Version 17
VisualStudioVersion = 17.5.2.0
MinimumVisualStudioVersion = 10.0.40219.1
Project("{FAE04EC0-301F-11D3-BF4B-00C04F79EFBC}") = "JWTAuthServer", "JWTAuthServer\JWTAuthServer.csproj", "{8CB3928B-5004-6BD2-2072-8944BA41CAE7}"
EndProject
Project("{2150E333-8FDC-42A3-9474-1A3956D46DE8}") = "Resource", "Resource", "{0186F55B-8B5C-28C8-7A24-A01D9A5B18B6}"
EndProject
Project("{FAE04EC0-301F-11D3-BF4B-00C04F79EFBC}") = "ResourceServer", "Resource\ResourceServer\ResourceServer.csproj", "{E768A194-0787-3DE3-55D2-AAF8F79EA6CB}"
EndProject
Project("{FAE04EC0-301F-11D3-BF4B-00C04F79EFBC}") = "ResourceClient", "Resource\ResourceClient\ResourceClient.csproj", "{B5A171CA-EC5E-7575-3F5D-8445A2D72F76}"
EndProject
Global
	GlobalSection(SolutionConfigurationPlatforms) = preSolution
		Debug|Any CPU = Debug|Any CPU
		Release|Any CPU = Release|Any CPU
	EndGlobalSection
	GlobalSection(ProjectConfigurationPlatforms) = postSolution
		{8CB3928B-5004-6BD2-2072-8944BA41CAE7}.Debug|Any CPU.ActiveCfg = Debug|Any CPU
		{8CB3928B-5004-6BD2-2072-8944BA41CAE7}.Debug|Any CPU.Build.0 = Debug|Any CPU
		{8CB3928B-5004-6BD2-2072-8944BA41CAE7}.Release|Any CPU.ActiveCfg = Release|Any CPU
		{8CB3928B-5004-6BD2-2072-8944BA41CAE7}.Release|Any CPU.Build.0 = Release|Any CPU
		{E768A194-0787-3DE3-55D2-AAF8F79EA6CB}.Debug|Any CPU.ActiveCfg = Debug|Any CPU
		{E768A194-0787-3DE3-55D2-AAF8F79EA6CB}.Debug|Any CPU.Build.0 = Debug|Any CPU
		{E768A194-0787-3DE3-55D2-AAF8F79EA6CB}.Release|Any CPU.ActiveCfg = Release|Any CPU
		{E768A194-0787-3DE3-55D2-AAF8F79EA6CB}.Release|Any CPU.Build.0 = Release|Any CPU
		{B5A171CA-EC5E-7575-3F5D-8445A2D72F76}.Debug|Any CPU.ActiveCfg = Debug|Any CPU
		{B5A171CA-EC5E-7575-3F5D-8445A2D72F76}.Debug|Any CPU.Build.0 = Debug|Any CPU
		{B5A171CA-EC5E-7575-3F5D-8445A2D72F76}.Release|Any CPU.ActiveCfg = Release|Any CPU
		{B5A171CA-EC5E-7575-3F5D-8445A2D72F76}.Release|Any CPU.Build.0 = Release|Any CPU
	EndGlobalSection
	GlobalSection(SolutionProperties) = preSolution
		HideSolutionNode = FALSE
	EndGlobalSection
	GlobalSection(NestedProjects) = preSolution
		{E768A194-0787-3DE3-55D2-AAF8F79EA6CB} = {0186F55B-8B5C-28C8-7A24-A01D9A5B18B6}
		{B5A171CA-EC5E-7575-3F5D-8445A2D72F76} = {0186F55B-8B5C-28C8-7A24-A01D9A5B18B6}
	EndGlobalSection
	GlobalSection(ExtensibilityGlobals) = postSolution
		SolutionGuid = {2D39AA3B-4EB6-45DC-B74E-399752D564AC}
	EndGlobalSection
EndGlobal
