
Microsoft Visual Studio Solution File, Format Version 12.00
# Visual Studio Version 17
VisualStudioVersion = 17.0.31903.59
MinimumVisualStudioVersion = 10.0.40219.1
Project("{FAE04EC0-301F-11D3-BF4B-00C04F79EFBC}") = "Minimal-API", "Minimal-API\Minimal-API.csproj", "{B13E6A14-C39F-4102-B01A-0F8278D2BB9B}"
EndProject
Global
	GlobalSection(SolutionConfigurationPlatforms) = preSolution
		Debug|Any CPU = Debug|Any CPU
		Release|Any CPU = Release|Any CPU
	EndGlobalSection
	GlobalSection(SolutionProperties) = preSolution
		HideSolutionNode = FALSE
	EndGlobalSection
	GlobalSection(ProjectConfigurationPlatforms) = postSolution
		{B13E6A14-C39F-4102-B01A-0F8278D2BB9B}.Debug|Any CPU.ActiveCfg = Debug|Any CPU
		{B13E6A14-C39F-4102-B01A-0F8278D2BB9B}.Debug|Any CPU.Build.0 = Debug|Any CPU
		{B13E6A14-C39F-4102-B01A-0F8278D2BB9B}.Release|Any CPU.ActiveCfg = Release|Any CPU
		{B13E6A14-C39F-4102-B01A-0F8278D2BB9B}.Release|Any CPU.Build.0 = Release|Any CPU
	EndGlobalSection
EndGlobal
